
Microsoft Visual Studio Solution File, Format Version 12.00
# Visual Studio Version 17
VisualStudioVersion = 17.6.33829.357
MinimumVisualStudioVersion = 10.0.40219.1
Project("{FAE04EC0-301F-11D3-BF4B-00C04F79EFBC}") = "SampleApp", "SampleApp\SampleApp.csproj", "{E18CB2D7-1723-43D1-9662-8E132BCEEC73}"
EndProject
Project("{FAE04EC0-301F-11D3-BF4B-00C04F79EFBC}") = "EnsyNet.Core", "EnsyNet.Core\EnsyNet.Core.csproj", "{DE8E0796-C209-4DC7-8DA2-86EABEC3B8F5}"
EndProject
Project("{FAE04EC0-301F-11D3-BF4B-00C04F79EFBC}") = "EnsyNet.DataAccess.Abstractions", "EnsyNet.DataAccess.Abstractions\EnsyNet.DataAccess.Abstractions.csproj", "{ACEC2583-DDEC-4217-A86D-A5AAA2BF7361}"
EndProject
Global
	GlobalSection(SolutionConfigurationPlatforms) = preSolution
		Debug|Any CPU = Debug|Any CPU
		Release|Any CPU = Release|Any CPU
	EndGlobalSection
	GlobalSection(ProjectConfigurationPlatforms) = postSolution
		{E18CB2D7-1723-43D1-9662-8E132BCEEC73}.Debug|Any CPU.ActiveCfg = Debug|Any CPU
		{E18CB2D7-1723-43D1-9662-8E132BCEEC73}.Debug|Any CPU.Build.0 = Debug|Any CPU
		{E18CB2D7-1723-43D1-9662-8E132BCEEC73}.Release|Any CPU.ActiveCfg = Release|Any CPU
		{E18CB2D7-1723-43D1-9662-8E132BCEEC73}.Release|Any CPU.Build.0 = Release|Any CPU
		{DE8E0796-C209-4DC7-8DA2-86EABEC3B8F5}.Debug|Any CPU.ActiveCfg = Debug|Any CPU
		{DE8E0796-C209-4DC7-8DA2-86EABEC3B8F5}.Debug|Any CPU.Build.0 = Debug|Any CPU
		{DE8E0796-C209-4DC7-8DA2-86EABEC3B8F5}.Release|Any CPU.ActiveCfg = Release|Any CPU
		{DE8E0796-C209-4DC7-8DA2-86EABEC3B8F5}.Release|Any CPU.Build.0 = Release|Any CPU
		{ACEC2583-DDEC-4217-A86D-A5AAA2BF7361}.Debug|Any CPU.ActiveCfg = Debug|Any CPU
		{ACEC2583-DDEC-4217-A86D-A5AAA2BF7361}.Debug|Any CPU.Build.0 = Debug|Any CPU
		{ACEC2583-DDEC-4217-A86D-A5AAA2BF7361}.Release|Any CPU.ActiveCfg = Release|Any CPU
		{ACEC2583-DDEC-4217-A86D-A5AAA2BF7361}.Release|Any CPU.Build.0 = Release|Any CPU
	EndGlobalSection
	GlobalSection(SolutionProperties) = preSolution
		HideSolutionNode = FALSE
	EndGlobalSection
	GlobalSection(ExtensibilityGlobals) = postSolution
		SolutionGuid = {3AE810C8-4178-4E2A-80ED-77A31A22BCBE}
	EndGlobalSection
EndGlobal
