
Microsoft Visual Studio Solution File, Format Version 12.00
# Visual Studio Version 17
VisualStudioVersion = 17.6.33829.357
MinimumVisualStudioVersion = 10.0.40219.1
Project("{9A19103F-16F7-4668-BE54-9A1E7A4F7556}") = "SampleApp", "Sample\SampleApp\SampleApp.csproj", "{E18CB2D7-1723-43D1-9662-8E132BCEEC73}"
EndProject
Project("{9A19103F-16F7-4668-BE54-9A1E7A4F7556}") = "EnsyNet.Core", "EnsyNet.Core\EnsyNet.Core.csproj", "{DE8E0796-C209-4DC7-8DA2-86EABEC3B8F5}"
EndProject
Project("{9A19103F-16F7-4668-BE54-9A1E7A4F7556}") = "EnsyNet.DataAccess.Abstractions", "EnsyNet.DataAccess.Abstractions\EnsyNet.DataAccess.Abstractions.csproj", "{ACEC2583-DDEC-4217-A86D-A5AAA2BF7361}"
EndProject
Project("{9A19103F-16F7-4668-BE54-9A1E7A4F7556}") = "EnsyNet.DataAccess.EntityFramework", "EnsyNet.DataAccess.EntityFramework\EnsyNet.DataAccess.EntityFramework.csproj", "{04F4F275-87FA-470C-A8FF-0C1C6D984F28}"
EndProject
Project("{2150E333-8FDC-42A3-9474-1A3956D46DE8}") = "Sample", "Sample", "{F0BECEE7-099E-4CB9-AA4A-E9C26465D21C}"
EndProject
Project("{2150E333-8FDC-42A3-9474-1A3956D46DE8}") = "Solution Items", "Solution Items", "{0AD7273B-9E32-4942-AE78-FA3413E6CFA5}"
	ProjectSection(SolutionItems) = preProject
		.editorconfig = .editorconfig
		.gitignore = .gitignore
		Directory.Packages.props = Directory.Packages.props
		NuGet.Config = NuGet.Config
	EndProjectSection
EndProject
Project("{2150E333-8FDC-42A3-9474-1A3956D46DE8}") = "Tests", "Tests", "{66709935-F7E2-4ECC-85C1-A3BE6A900203}"
EndProject
Project("{FAE04EC0-301F-11D3-BF4B-00C04F79EFBC}") = "EnsyNet.DataAccess.EntityFramework.Tests", "Tests\EnsyNet.DataAccess.EntityFramework.Tests\EnsyNet.DataAccess.EntityFramework.Tests.csproj", "{2DFEFD37-481E-4BE0-B695-4022A24312F9}"
EndProject
Global
	GlobalSection(SolutionConfigurationPlatforms) = preSolution
		Debug|Any CPU = Debug|Any CPU
		Release|Any CPU = Release|Any CPU
	EndGlobalSection
	GlobalSection(ProjectConfigurationPlatforms) = postSolution
		{E18CB2D7-1723-43D1-9662-8E132BCEEC73}.Debug|Any CPU.ActiveCfg = Debug|Any CPU
		{E18CB2D7-1723-43D1-9662-8E132BCEEC73}.Debug|Any CPU.Build.0 = Debug|Any CPU
		{E18CB2D7-1723-43D1-9662-8E132BCEEC73}.Release|Any CPU.ActiveCfg = Release|Any CPU
		{E18CB2D7-1723-43D1-9662-8E132BCEEC73}.Release|Any CPU.Build.0 = Release|Any CPU
		{DE8E0796-C209-4DC7-8DA2-86EABEC3B8F5}.Debug|Any CPU.ActiveCfg = Debug|Any CPU
		{DE8E0796-C209-4DC7-8DA2-86EABEC3B8F5}.Debug|Any CPU.Build.0 = Debug|Any CPU
		{DE8E0796-C209-4DC7-8DA2-86EABEC3B8F5}.Release|Any CPU.ActiveCfg = Release|Any CPU
		{DE8E0796-C209-4DC7-8DA2-86EABEC3B8F5}.Release|Any CPU.Build.0 = Release|Any CPU
		{ACEC2583-DDEC-4217-A86D-A5AAA2BF7361}.Debug|Any CPU.ActiveCfg = Debug|Any CPU
		{ACEC2583-DDEC-4217-A86D-A5AAA2BF7361}.Debug|Any CPU.Build.0 = Debug|Any CPU
		{ACEC2583-DDEC-4217-A86D-A5AAA2BF7361}.Release|Any CPU.ActiveCfg = Release|Any CPU
		{ACEC2583-DDEC-4217-A86D-A5AAA2BF7361}.Release|Any CPU.Build.0 = Release|Any CPU
		{04F4F275-87FA-470C-A8FF-0C1C6D984F28}.Debug|Any CPU.ActiveCfg = Debug|Any CPU
		{04F4F275-87FA-470C-A8FF-0C1C6D984F28}.Debug|Any CPU.Build.0 = Debug|Any CPU
		{04F4F275-87FA-470C-A8FF-0C1C6D984F28}.Release|Any CPU.ActiveCfg = Release|Any CPU
		{04F4F275-87FA-470C-A8FF-0C1C6D984F28}.Release|Any CPU.Build.0 = Release|Any CPU
		{2DFEFD37-481E-4BE0-B695-4022A24312F9}.Debug|Any CPU.ActiveCfg = Debug|Any CPU
		{2DFEFD37-481E-4BE0-B695-4022A24312F9}.Debug|Any CPU.Build.0 = Debug|Any CPU
		{2DFEFD37-481E-4BE0-B695-4022A24312F9}.Release|Any CPU.ActiveCfg = Release|Any CPU
		{2DFEFD37-481E-4BE0-B695-4022A24312F9}.Release|Any CPU.Build.0 = Release|Any CPU
	EndGlobalSection
	GlobalSection(SolutionProperties) = preSolution
		HideSolutionNode = FALSE
	EndGlobalSection
	GlobalSection(NestedProjects) = preSolution
		{E18CB2D7-1723-43D1-9662-8E132BCEEC73} = {F0BECEE7-099E-4CB9-AA4A-E9C26465D21C}
		{2DFEFD37-481E-4BE0-B695-4022A24312F9} = {66709935-F7E2-4ECC-85C1-A3BE6A900203}
	EndGlobalSection
	GlobalSection(ExtensibilityGlobals) = postSolution
		SolutionGuid = {3AE810C8-4178-4E2A-80ED-77A31A22BCBE}
	EndGlobalSection
EndGlobal
